{
  "nodes": {
    "home-manager": {
      "inputs": {
        "nixpkgs": [
          "nixpkgs"
        ]
      },
      "locked": {
        "lastModified": 1698896213,
        "narHash": "sha256-u42NZt52F3o7pM5V7sYlLOp5tSN8z9+fO2wFcOs0EOQ=",
        "owner": "nix-community",
        "repo": "home-manager",
        "rev": "831b4fa31749208e576050c563e9773aafd04941",
        "type": "github"
      },
      "original": {
        "owner": "nix-community",
        "repo": "home-manager",
        "type": "github"
      }
    },
    "hosts": {
      "inputs": {
        "nixpkgs": [
          "nixpkgs"
        ]
      },
      "locked": {
        "lastModified": 1698983598,
        "narHash": "sha256-G0mj9HQDPyGetTVGP2gJpUbd9QM/ufHi2ynlN47EsGg=",
        "owner": "StevenBlack",
        "repo": "hosts",
        "rev": "07a0b7bfc5de5d9d19dadb5c4cf8506aaf0217ba",
        "type": "github"
      },
      "original": {
        "owner": "StevenBlack",
        "repo": "hosts",
        "type": "github"
      }
    },
    "nixpkgs": {
      "locked": {
        "lastModified": 1698931758,
        "narHash": "sha256-pwl9xS9JFMXXR1lUP/QOqO9hiZKukEcVUU1A0DKQwi4=",
        "owner": "NixOS",
        "repo": "nixpkgs",
        "rev": "b644d97bda6dae837d577e28383c10aa51e5e2d2",
        "type": "github"
      },
      "original": {
        "id": "nixpkgs",
        "type": "indirect"
      }
    },
    "root": {
      "inputs": {
        "home-manager": "home-manager",
        "hosts": "hosts",
        "nixpkgs": "nixpkgs"
      }
    }
  },
  "root": "root",
  "version": 7
}
