{
  "nodes": {
    "configuration": {
      "locked": {
        "lastModified": 1759356975,
        "narHash": "sha256-soCKj5FxNtH7HxsdmYV8nC8M5btpzgzAWeaUr24RuN4=",
        "owner": "ivandimitrov8080",
        "repo": "configuration.nix",
        "rev": "6cfed3bba7d0336edac336eb7796cebd0104e0d3",
        "type": "github"
      },
      "original": {
        "owner": "ivandimitrov8080",
        "repo": "configuration.nix",
        "type": "github"
      }
    },
    "home-manager": {
      "inputs": {
        "nixpkgs": [
          "nixpkgs"
        ]
      },
      "locked": {
        "lastModified": 1759337100,
        "narHash": "sha256-CcT3QvZ74NGfM+lSOILcCEeU+SnqXRvl1XCRHenZ0Us=",
        "owner": "nix-community",
        "repo": "home-manager",
        "rev": "004753ae6b04c4b18aa07192c1106800aaacf6c3",
        "type": "github"
      },
      "original": {
        "owner": "nix-community",
        "repo": "home-manager",
        "type": "github"
      }
    },
    "nixpkgs": {
      "locked": {
        "lastModified": 1759322190,
        "narHash": "sha256-s+0wBPx9FAphKv8BYRN7OLCiZkiK1Dc8ebbCzczI9S8=",
        "owner": "NixOS",
        "repo": "nixpkgs",
        "rev": "ee4cd98afba682ca27242f2d7fdbd8583f6ef51a",
        "type": "github"
      },
      "original": {
        "owner": "NixOS",
        "ref": "nixpkgs-unstable",
        "repo": "nixpkgs",
        "type": "github"
      }
    },
    "root": {
      "inputs": {
        "configuration": "configuration",
        "home-manager": "home-manager",
        "nixpkgs": "nixpkgs"
      }
    }
  },
  "root": "root",
  "version": 7
}
